
Microsoft Visual Studio Solution File, Format Version 12.00
# Visual Studio Version 16
VisualStudioVersion = 16.0.30114.105
MinimumVisualStudioVersion = 10.0.40219.1
Project("{9A19103F-16F7-4668-BE54-9A1E7A4F7556}") = "SpotsStore", "SpotsStore\SpotsStore.csproj", "{E8A2FAD1-B1F2-423E-9BF0-A21CD96304EA}"
EndProject
Project("{9A19103F-16F7-4668-BE54-9A1E7A4F7556}") = "SportsStore.Tests", "SportsStore.Tests\SportsStore.Tests.csproj", "{226C97F5-B367-46FA-AF08-6F1F47BEC3C3}"
EndProject
Global
	GlobalSection(SolutionConfigurationPlatforms) = preSolution
		Debug|Any CPU = Debug|Any CPU
		Release|Any CPU = Release|Any CPU
	EndGlobalSection
	GlobalSection(ProjectConfigurationPlatforms) = postSolution
		{E8A2FAD1-B1F2-423E-9BF0-A21CD96304EA}.Debug|Any CPU.ActiveCfg = Debug|Any CPU
		{E8A2FAD1-B1F2-423E-9BF0-A21CD96304EA}.Debug|Any CPU.Build.0 = Debug|Any CPU
		{E8A2FAD1-B1F2-423E-9BF0-A21CD96304EA}.Release|Any CPU.ActiveCfg = Release|Any CPU
		{E8A2FAD1-B1F2-423E-9BF0-A21CD96304EA}.Release|Any CPU.Build.0 = Release|Any CPU
		{226C97F5-B367-46FA-AF08-6F1F47BEC3C3}.Debug|Any CPU.ActiveCfg = Debug|Any CPU
		{226C97F5-B367-46FA-AF08-6F1F47BEC3C3}.Debug|Any CPU.Build.0 = Debug|Any CPU
		{226C97F5-B367-46FA-AF08-6F1F47BEC3C3}.Release|Any CPU.ActiveCfg = Release|Any CPU
		{226C97F5-B367-46FA-AF08-6F1F47BEC3C3}.Release|Any CPU.Build.0 = Release|Any CPU
	EndGlobalSection
	GlobalSection(SolutionProperties) = preSolution
		HideSolutionNode = FALSE
	EndGlobalSection
	GlobalSection(ExtensibilityGlobals) = postSolution
		SolutionGuid = {5F420921-02CF-4483-8801-17AE9CD37274}
	EndGlobalSection
EndGlobal
